
Microsoft Visual Studio Solution File, Format Version 12.00
# Visual Studio Version 17
VisualStudioVersion = 17.14.36203.30
MinimumVisualStudioVersion = 10.0.40219.1
Project("{FAE04EC0-301F-11D3-BF4B-00C04F79EFBC}") = "Store", "Store\Store.csproj", "{B70E9E8A-FC31-4DD9-A0E1-B2027C3F4BCB}"
EndProject
Global
	GlobalSection(SolutionConfigurationPlatforms) = preSolution
		Debug|Any CPU = Debug|Any CPU
		Release|Any CPU = Release|Any CPU
	EndGlobalSection
	GlobalSection(ProjectConfigurationPlatforms) = postSolution
		{B70E9E8A-FC31-4DD9-A0E1-B2027C3F4BCB}.Debug|Any CPU.ActiveCfg = Debug|Any CPU
		{B70E9E8A-FC31-4DD9-A0E1-B2027C3F4BCB}.Debug|Any CPU.Build.0 = Debug|Any CPU
		{B70E9E8A-FC31-4DD9-A0E1-B2027C3F4BCB}.Release|Any CPU.ActiveCfg = Release|Any CPU
		{B70E9E8A-FC31-4DD9-A0E1-B2027C3F4BCB}.Release|Any CPU.Build.0 = Release|Any CPU
	EndGlobalSection
	GlobalSection(SolutionProperties) = preSolution
		HideSolutionNode = FALSE
	EndGlobalSection
	GlobalSection(ExtensibilityGlobals) = postSolution
		SolutionGuid = {457D2441-9769-4D5F-AF86-2F7D7A815EBD}
	EndGlobalSection
EndGlobal
